
Microsoft Visual Studio Solution File, Format Version 12.00
# Visual Studio Version 17
VisualStudioVersion = 17.2.32630.192
MinimumVisualStudioVersion = 10.0.40219.1
Project("{9A19103F-16F7-4668-BE54-9A1E7A4F7556}") = "SouDizimista.WebApp", "SouDizimista.WebApp\SouDizimista.WebApp.csproj", "{C1D4D788-07F7-456B-A61C-3EF6E58AB073}"
EndProject
Project("{9A19103F-16F7-4668-BE54-9A1E7A4F7556}") = "SouDizimista.Domain", "SouDizimista.Domain\SouDizimista.Domain.csproj", "{629EE31E-42E4-4A3B-8DA8-C0FE9DA1DB4B}"
EndProject
Project("{9A19103F-16F7-4668-BE54-9A1E7A4F7556}") = "SouDizimista.Services", "SouDizimista.Services\SouDizimista.Services.csproj", "{7E581AB4-5812-4A26-B869-1531C96A3BCF}"
EndProject
Project("{9A19103F-16F7-4668-BE54-9A1E7A4F7556}") = "SouDizimista.Repository", "SouDizimista.Repository\SouDizimista.Repository.csproj", "{F8AF7B23-5A64-405F-88FC-91302D4F9CF4}"
EndProject
Global
	GlobalSection(SolutionConfigurationPlatforms) = preSolution
		Debug|Any CPU = Debug|Any CPU
		Release|Any CPU = Release|Any CPU
	EndGlobalSection
	GlobalSection(ProjectConfigurationPlatforms) = postSolution
		{C1D4D788-07F7-456B-A61C-3EF6E58AB073}.Debug|Any CPU.ActiveCfg = Debug|Any CPU
		{C1D4D788-07F7-456B-A61C-3EF6E58AB073}.Debug|Any CPU.Build.0 = Debug|Any CPU
		{C1D4D788-07F7-456B-A61C-3EF6E58AB073}.Release|Any CPU.ActiveCfg = Release|Any CPU
		{C1D4D788-07F7-456B-A61C-3EF6E58AB073}.Release|Any CPU.Build.0 = Release|Any CPU
		{629EE31E-42E4-4A3B-8DA8-C0FE9DA1DB4B}.Debug|Any CPU.ActiveCfg = Debug|Any CPU
		{629EE31E-42E4-4A3B-8DA8-C0FE9DA1DB4B}.Debug|Any CPU.Build.0 = Debug|Any CPU
		{629EE31E-42E4-4A3B-8DA8-C0FE9DA1DB4B}.Release|Any CPU.ActiveCfg = Release|Any CPU
		{629EE31E-42E4-4A3B-8DA8-C0FE9DA1DB4B}.Release|Any CPU.Build.0 = Release|Any CPU
		{7E581AB4-5812-4A26-B869-1531C96A3BCF}.Debug|Any CPU.ActiveCfg = Debug|Any CPU
		{7E581AB4-5812-4A26-B869-1531C96A3BCF}.Debug|Any CPU.Build.0 = Debug|Any CPU
		{7E581AB4-5812-4A26-B869-1531C96A3BCF}.Release|Any CPU.ActiveCfg = Release|Any CPU
		{7E581AB4-5812-4A26-B869-1531C96A3BCF}.Release|Any CPU.Build.0 = Release|Any CPU
		{F8AF7B23-5A64-405F-88FC-91302D4F9CF4}.Debug|Any CPU.ActiveCfg = Debug|Any CPU
		{F8AF7B23-5A64-405F-88FC-91302D4F9CF4}.Debug|Any CPU.Build.0 = Debug|Any CPU
		{F8AF7B23-5A64-405F-88FC-91302D4F9CF4}.Release|Any CPU.ActiveCfg = Release|Any CPU
		{F8AF7B23-5A64-405F-88FC-91302D4F9CF4}.Release|Any CPU.Build.0 = Release|Any CPU
	EndGlobalSection
	GlobalSection(SolutionProperties) = preSolution
		HideSolutionNode = FALSE
	EndGlobalSection
	GlobalSection(ExtensibilityGlobals) = postSolution
		SolutionGuid = {238BD60E-7F91-4BEF-BA00-A617F0DFD012}
	EndGlobalSection
EndGlobal
